
Microsoft Visual Studio Solution File, Format Version 12.00
# Visual Studio Version 16
VisualStudioVersion = 16.0.29215.179
MinimumVisualStudioVersion = 10.0.40219.1
Project("{2150E333-8FDC-42A3-9474-1A3956D46DE8}") = "NovaTouch", "NovaTouch", "{F2790AE7-AA49-4CFC-A61D-8532A61C6DB6}"
EndProject
Project("{2150E333-8FDC-42A3-9474-1A3956D46DE8}") = "OrderSolution", "OrderSolution", "{15DB4E4C-D3B3-48C9-8532-EA68184E7824}"
EndProject
Project("{9A19103F-16F7-4668-BE54-9A1E7A4F7556}") = "Nt.Database.Test", "NovaTouch\Nt.Database.Test\Nt.Database.Test.csproj", "{5FB6B83C-4B3A-4B44-8320-736273B50E51}"
EndProject
Project("{9A19103F-16F7-4668-BE54-9A1E7A4F7556}") = "Os.Server.Test", "OrderSolution\Os.Server.Test\Os.Server.Test.csproj", "{3239D1EC-D774-475D-B949-A7D2D28B10D7}"
EndProject
Project("{9A19103F-16F7-4668-BE54-9A1E7A4F7556}") = "Nt.Database", "..\src\NovaTouch\Nt.Database\Nt.Database.csproj", "{6B649412-D83C-4033-9400-93734E96060B}"
EndProject
Project("{9A19103F-16F7-4668-BE54-9A1E7A4F7556}") = "Os.Server", "..\src\OrderSolution\Os.Server\Os.Server.csproj", "{8BF4B70B-793D-4EB1-AA32-9D2F852F0522}"
EndProject
Global
	GlobalSection(SolutionConfigurationPlatforms) = preSolution
		Debug|Any CPU = Debug|Any CPU
		Release|Any CPU = Release|Any CPU
	EndGlobalSection
	GlobalSection(ProjectConfigurationPlatforms) = postSolution
		{5FB6B83C-4B3A-4B44-8320-736273B50E51}.Debug|Any CPU.ActiveCfg = Debug|Any CPU
		{5FB6B83C-4B3A-4B44-8320-736273B50E51}.Debug|Any CPU.Build.0 = Debug|Any CPU
		{5FB6B83C-4B3A-4B44-8320-736273B50E51}.Release|Any CPU.ActiveCfg = Release|Any CPU
		{5FB6B83C-4B3A-4B44-8320-736273B50E51}.Release|Any CPU.Build.0 = Release|Any CPU
		{3239D1EC-D774-475D-B949-A7D2D28B10D7}.Debug|Any CPU.ActiveCfg = Debug|Any CPU
		{3239D1EC-D774-475D-B949-A7D2D28B10D7}.Debug|Any CPU.Build.0 = Debug|Any CPU
		{3239D1EC-D774-475D-B949-A7D2D28B10D7}.Release|Any CPU.ActiveCfg = Release|Any CPU
		{3239D1EC-D774-475D-B949-A7D2D28B10D7}.Release|Any CPU.Build.0 = Release|Any CPU
		{6B649412-D83C-4033-9400-93734E96060B}.Debug|Any CPU.ActiveCfg = Debug|Any CPU
		{6B649412-D83C-4033-9400-93734E96060B}.Debug|Any CPU.Build.0 = Debug|Any CPU
		{6B649412-D83C-4033-9400-93734E96060B}.Release|Any CPU.ActiveCfg = Release|Any CPU
		{6B649412-D83C-4033-9400-93734E96060B}.Release|Any CPU.Build.0 = Release|Any CPU
		{8BF4B70B-793D-4EB1-AA32-9D2F852F0522}.Debug|Any CPU.ActiveCfg = Debug|Any CPU
		{8BF4B70B-793D-4EB1-AA32-9D2F852F0522}.Debug|Any CPU.Build.0 = Debug|Any CPU
		{8BF4B70B-793D-4EB1-AA32-9D2F852F0522}.Release|Any CPU.ActiveCfg = Release|Any CPU
		{8BF4B70B-793D-4EB1-AA32-9D2F852F0522}.Release|Any CPU.Build.0 = Release|Any CPU
	EndGlobalSection
	GlobalSection(SolutionProperties) = preSolution
		HideSolutionNode = FALSE
	EndGlobalSection
	GlobalSection(NestedProjects) = preSolution
		{5FB6B83C-4B3A-4B44-8320-736273B50E51} = {F2790AE7-AA49-4CFC-A61D-8532A61C6DB6}
		{3239D1EC-D774-475D-B949-A7D2D28B10D7} = {15DB4E4C-D3B3-48C9-8532-EA68184E7824}
		{6B649412-D83C-4033-9400-93734E96060B} = {F2790AE7-AA49-4CFC-A61D-8532A61C6DB6}
		{8BF4B70B-793D-4EB1-AA32-9D2F852F0522} = {15DB4E4C-D3B3-48C9-8532-EA68184E7824}
	EndGlobalSection
	GlobalSection(ExtensibilityGlobals) = postSolution
		SolutionGuid = {BAACC21C-C623-4E7F-8AA2-5AFB0B13C356}
	EndGlobalSection
EndGlobal
