
Microsoft Visual Studio Solution File, Format Version 12.00
# Visual Studio Version 16
VisualStudioVersion = 16.0.30114.105
MinimumVisualStudioVersion = 10.0.40219.1
Project("{9A19103F-16F7-4668-BE54-9A1E7A4F7556}") = "Nt.Booking", "src\Services\Nt.Booking\Nt.Booking.csproj", "{6C635B4A-3138-44F2-843F-51D0FBAB51A7}"
EndProject
Project("{9A19103F-16F7-4668-BE54-9A1E7A4F7556}") = "Nt.Fiscal", "src\Services\Nt.Fiscal\Nt.Fiscal.csproj", "{2ECB50F6-4F14-404D-90E5-116F0AC0798D}"
EndProject
Global
	GlobalSection(SolutionConfigurationPlatforms) = preSolution
		Debug|Any CPU = Debug|Any CPU
		Release|Any CPU = Release|Any CPU
	EndGlobalSection
	GlobalSection(ProjectConfigurationPlatforms) = postSolution
		{6C635B4A-3138-44F2-843F-51D0FBAB51A7}.Debug|Any CPU.ActiveCfg = Debug|Any CPU
		{6C635B4A-3138-44F2-843F-51D0FBAB51A7}.Debug|Any CPU.Build.0 = Debug|Any CPU
		{6C635B4A-3138-44F2-843F-51D0FBAB51A7}.Release|Any CPU.ActiveCfg = Release|Any CPU
		{6C635B4A-3138-44F2-843F-51D0FBAB51A7}.Release|Any CPU.Build.0 = Release|Any CPU
		{2ECB50F6-4F14-404D-90E5-116F0AC0798D}.Debug|Any CPU.ActiveCfg = Debug|Any CPU
		{2ECB50F6-4F14-404D-90E5-116F0AC0798D}.Debug|Any CPU.Build.0 = Debug|Any CPU
		{2ECB50F6-4F14-404D-90E5-116F0AC0798D}.Release|Any CPU.ActiveCfg = Release|Any CPU
		{2ECB50F6-4F14-404D-90E5-116F0AC0798D}.Release|Any CPU.Build.0 = Release|Any CPU
	EndGlobalSection
	GlobalSection(SolutionProperties) = preSolution
		HideSolutionNode = FALSE
	EndGlobalSection
	GlobalSection(ExtensibilityGlobals) = postSolution
		SolutionGuid = {008970A6-68B1-4661-AF37-9162A7135152}
	EndGlobalSection
EndGlobal
