
Microsoft Visual Studio Solution File, Format Version 12.00
# Visual Studio 15
VisualStudioVersion = 15.0.26124.0
MinimumVisualStudioVersion = 15.0.26124.0
Project("{FAE04EC0-301F-11D3-BF4B-00C04F79EFBC}") = "Novum.Server", "Novum.Server\Novum.Server.csproj", "{7B44A2AD-152D-481D-8D8C-52334739F488}"
EndProject
Project("{FAE04EC0-301F-11D3-BF4B-00C04F79EFBC}") = "Novum.Logic", "Novum.Logic\Novum.Logic.csproj", "{87C1CCBF-2276-4E23-A346-B0F02FF4FC72}"
EndProject
Project("{FAE04EC0-301F-11D3-BF4B-00C04F79EFBC}") = "Novum.Database", "Novum.Database\Novum.Database.csproj", "{863C691F-E315-459F-BF00-A979C15DEC9B}"
EndProject
Project("{FAE04EC0-301F-11D3-BF4B-00C04F79EFBC}") = "Novum.Data", "Novum.Data\Novum.Data.csproj", "{3636C0B3-0EA6-4B08-899B-56ADA29DF37F}"
EndProject
Global
	GlobalSection(SolutionConfigurationPlatforms) = preSolution
		Debug|Any CPU = Debug|Any CPU
		Debug|x64 = Debug|x64
		Debug|x86 = Debug|x86
		Release|Any CPU = Release|Any CPU
		Release|x64 = Release|x64
		Release|x86 = Release|x86
	EndGlobalSection
	GlobalSection(SolutionProperties) = preSolution
		HideSolutionNode = FALSE
	EndGlobalSection
	GlobalSection(ProjectConfigurationPlatforms) = postSolution
		{7B44A2AD-152D-481D-8D8C-52334739F488}.Debug|Any CPU.ActiveCfg = Debug|Any CPU
		{7B44A2AD-152D-481D-8D8C-52334739F488}.Debug|Any CPU.Build.0 = Debug|Any CPU
		{7B44A2AD-152D-481D-8D8C-52334739F488}.Debug|x64.ActiveCfg = Debug|Any CPU
		{7B44A2AD-152D-481D-8D8C-52334739F488}.Debug|x64.Build.0 = Debug|Any CPU
		{7B44A2AD-152D-481D-8D8C-52334739F488}.Debug|x86.ActiveCfg = Debug|Any CPU
		{7B44A2AD-152D-481D-8D8C-52334739F488}.Debug|x86.Build.0 = Debug|Any CPU
		{7B44A2AD-152D-481D-8D8C-52334739F488}.Release|Any CPU.ActiveCfg = Release|Any CPU
		{7B44A2AD-152D-481D-8D8C-52334739F488}.Release|Any CPU.Build.0 = Release|Any CPU
		{7B44A2AD-152D-481D-8D8C-52334739F488}.Release|x64.ActiveCfg = Release|Any CPU
		{7B44A2AD-152D-481D-8D8C-52334739F488}.Release|x64.Build.0 = Release|Any CPU
		{7B44A2AD-152D-481D-8D8C-52334739F488}.Release|x86.ActiveCfg = Release|Any CPU
		{7B44A2AD-152D-481D-8D8C-52334739F488}.Release|x86.Build.0 = Release|Any CPU
		{87C1CCBF-2276-4E23-A346-B0F02FF4FC72}.Debug|Any CPU.ActiveCfg = Debug|Any CPU
		{87C1CCBF-2276-4E23-A346-B0F02FF4FC72}.Debug|Any CPU.Build.0 = Debug|Any CPU
		{87C1CCBF-2276-4E23-A346-B0F02FF4FC72}.Debug|x64.ActiveCfg = Debug|Any CPU
		{87C1CCBF-2276-4E23-A346-B0F02FF4FC72}.Debug|x64.Build.0 = Debug|Any CPU
		{87C1CCBF-2276-4E23-A346-B0F02FF4FC72}.Debug|x86.ActiveCfg = Debug|Any CPU
		{87C1CCBF-2276-4E23-A346-B0F02FF4FC72}.Debug|x86.Build.0 = Debug|Any CPU
		{87C1CCBF-2276-4E23-A346-B0F02FF4FC72}.Release|Any CPU.ActiveCfg = Release|Any CPU
		{87C1CCBF-2276-4E23-A346-B0F02FF4FC72}.Release|Any CPU.Build.0 = Release|Any CPU
		{87C1CCBF-2276-4E23-A346-B0F02FF4FC72}.Release|x64.ActiveCfg = Release|Any CPU
		{87C1CCBF-2276-4E23-A346-B0F02FF4FC72}.Release|x64.Build.0 = Release|Any CPU
		{87C1CCBF-2276-4E23-A346-B0F02FF4FC72}.Release|x86.ActiveCfg = Release|Any CPU
		{87C1CCBF-2276-4E23-A346-B0F02FF4FC72}.Release|x86.Build.0 = Release|Any CPU
		{863C691F-E315-459F-BF00-A979C15DEC9B}.Debug|Any CPU.ActiveCfg = Debug|Any CPU
		{863C691F-E315-459F-BF00-A979C15DEC9B}.Debug|Any CPU.Build.0 = Debug|Any CPU
		{863C691F-E315-459F-BF00-A979C15DEC9B}.Debug|x64.ActiveCfg = Debug|Any CPU
		{863C691F-E315-459F-BF00-A979C15DEC9B}.Debug|x64.Build.0 = Debug|Any CPU
		{863C691F-E315-459F-BF00-A979C15DEC9B}.Debug|x86.ActiveCfg = Debug|Any CPU
		{863C691F-E315-459F-BF00-A979C15DEC9B}.Debug|x86.Build.0 = Debug|Any CPU
		{863C691F-E315-459F-BF00-A979C15DEC9B}.Release|Any CPU.ActiveCfg = Release|Any CPU
		{863C691F-E315-459F-BF00-A979C15DEC9B}.Release|Any CPU.Build.0 = Release|Any CPU
		{863C691F-E315-459F-BF00-A979C15DEC9B}.Release|x64.ActiveCfg = Release|Any CPU
		{863C691F-E315-459F-BF00-A979C15DEC9B}.Release|x64.Build.0 = Release|Any CPU
		{863C691F-E315-459F-BF00-A979C15DEC9B}.Release|x86.ActiveCfg = Release|Any CPU
		{863C691F-E315-459F-BF00-A979C15DEC9B}.Release|x86.Build.0 = Release|Any CPU
		{3636C0B3-0EA6-4B08-899B-56ADA29DF37F}.Debug|Any CPU.ActiveCfg = Debug|Any CPU
		{3636C0B3-0EA6-4B08-899B-56ADA29DF37F}.Debug|Any CPU.Build.0 = Debug|Any CPU
		{3636C0B3-0EA6-4B08-899B-56ADA29DF37F}.Debug|x64.ActiveCfg = Debug|Any CPU
		{3636C0B3-0EA6-4B08-899B-56ADA29DF37F}.Debug|x64.Build.0 = Debug|Any CPU
		{3636C0B3-0EA6-4B08-899B-56ADA29DF37F}.Debug|x86.ActiveCfg = Debug|Any CPU
		{3636C0B3-0EA6-4B08-899B-56ADA29DF37F}.Debug|x86.Build.0 = Debug|Any CPU
		{3636C0B3-0EA6-4B08-899B-56ADA29DF37F}.Release|Any CPU.ActiveCfg = Release|Any CPU
		{3636C0B3-0EA6-4B08-899B-56ADA29DF37F}.Release|Any CPU.Build.0 = Release|Any CPU
		{3636C0B3-0EA6-4B08-899B-56ADA29DF37F}.Release|x64.ActiveCfg = Release|Any CPU
		{3636C0B3-0EA6-4B08-899B-56ADA29DF37F}.Release|x64.Build.0 = Release|Any CPU
		{3636C0B3-0EA6-4B08-899B-56ADA29DF37F}.Release|x86.ActiveCfg = Release|Any CPU
		{3636C0B3-0EA6-4B08-899B-56ADA29DF37F}.Release|x86.Build.0 = Release|Any CPU
	EndGlobalSection
EndGlobal
